
Microsoft Visual Studio Solution File, Format Version 12.00
# Visual Studio Version 16
VisualStudioVersion = 16.0.30517.126
MinimumVisualStudioVersion = 10.0.40219.1
Project("{9A19103F-16F7-4668-BE54-9A1E7A4F7556}") = "SeleniumHelper", "SeleniumHelper\SeleniumHelper.csproj", "{3906F87A-C439-41F7-B808-C20682474732}"
EndProject
Project("{9A19103F-16F7-4668-BE54-9A1E7A4F7556}") = "ExtraAutomation", "ExtraAutomation\ExtraAutomation.csproj", "{E5D1B025-D07F-48C0-9C87-0439615EF113}"
EndProject
Global
	GlobalSection(SolutionConfigurationPlatforms) = preSolution
		Debug|Any CPU = Debug|Any CPU
		Release|Any CPU = Release|Any CPU
	EndGlobalSection
	GlobalSection(ProjectConfigurationPlatforms) = postSolution
		{3906F87A-C439-41F7-B808-C20682474732}.Debug|Any CPU.ActiveCfg = Debug|Any CPU
		{3906F87A-C439-41F7-B808-C20682474732}.Debug|Any CPU.Build.0 = Debug|Any CPU
		{3906F87A-C439-41F7-B808-C20682474732}.Release|Any CPU.ActiveCfg = Release|Any CPU
		{3906F87A-C439-41F7-B808-C20682474732}.Release|Any CPU.Build.0 = Release|Any CPU
		{E5D1B025-D07F-48C0-9C87-0439615EF113}.Debug|Any CPU.ActiveCfg = Debug|Any CPU
		{E5D1B025-D07F-48C0-9C87-0439615EF113}.Debug|Any CPU.Build.0 = Debug|Any CPU
		{E5D1B025-D07F-48C0-9C87-0439615EF113}.Release|Any CPU.ActiveCfg = Release|Any CPU
		{E5D1B025-D07F-48C0-9C87-0439615EF113}.Release|Any CPU.Build.0 = Release|Any CPU
	EndGlobalSection
	GlobalSection(SolutionProperties) = preSolution
		HideSolutionNode = FALSE
	EndGlobalSection
	GlobalSection(ExtensibilityGlobals) = postSolution
		SolutionGuid = {37FA33EA-6413-4C56-B474-06ADC1C9A417}
	EndGlobalSection
EndGlobal
